
Microsoft Visual Studio Solution File, Format Version 12.00
# Visual Studio Version 16
VisualStudioVersion = 16.6.30114.105
MinimumVisualStudioVersion = 10.0.40219.1
Project("{FAE04EC0-301F-11D3-BF4B-00C04F79EFBC}") = "NuGen", "NuGen\NuGen.csproj", "{A7AA8852-7598-4DA0-9FE7-674F20F411ED}"
EndProject
Project("{FAE04EC0-301F-11D3-BF4B-00C04F79EFBC}") = "NuGen.Tests", "NuGen.Tests\NuGen.Tests.csproj", "{41D00E51-6501-47DD-9BF9-BF58D473D918}"
EndProject
Project("{FAE04EC0-301F-11D3-BF4B-00C04F79EFBC}") = "NuGen.Services", "NuGen.Services\NuGen.Services.csproj", "{CF8CC65B-F202-4BC8-A4BB-7910C7B6EEBE}"
EndProject
Project("{FAE04EC0-301F-11D3-BF4B-00C04F79EFBC}") = "NuGen.Dal", "NuGen.Dal\NuGen.Dal.csproj", "{8772329C-9083-4E6C-A160-52BAE0547FC0}"
EndProject
Project("{FAE04EC0-301F-11D3-BF4B-00C04F79EFBC}") = "NuGen.Options", "NuGen.Options\NuGen.Options.csproj", "{BD019096-7426-4959-BF21-E97BB0B23C83}"
EndProject
Project("{F2A71F9B-5D33-465A-A702-920D77279786}") = "NuGen.Services.Fsharp", "NuGen.Services.Fsharp\NuGen.Services.Fsharp.fsproj", "{22D6389D-E791-4859-A075-152DD8906268}"
EndProject
Global
	GlobalSection(SolutionConfigurationPlatforms) = preSolution
		Debug|Any CPU = Debug|Any CPU
		Debug|x64 = Debug|x64
		Debug|x86 = Debug|x86
		Release|Any CPU = Release|Any CPU
		Release|x64 = Release|x64
		Release|x86 = Release|x86
	EndGlobalSection
	GlobalSection(SolutionProperties) = preSolution
		HideSolutionNode = FALSE
	EndGlobalSection
	GlobalSection(ProjectConfigurationPlatforms) = postSolution
		{A7AA8852-7598-4DA0-9FE7-674F20F411ED}.Debug|Any CPU.ActiveCfg = Debug|Any CPU
		{A7AA8852-7598-4DA0-9FE7-674F20F411ED}.Debug|Any CPU.Build.0 = Debug|Any CPU
		{A7AA8852-7598-4DA0-9FE7-674F20F411ED}.Debug|x64.ActiveCfg = Debug|Any CPU
		{A7AA8852-7598-4DA0-9FE7-674F20F411ED}.Debug|x64.Build.0 = Debug|Any CPU
		{A7AA8852-7598-4DA0-9FE7-674F20F411ED}.Debug|x86.ActiveCfg = Debug|Any CPU
		{A7AA8852-7598-4DA0-9FE7-674F20F411ED}.Debug|x86.Build.0 = Debug|Any CPU
		{A7AA8852-7598-4DA0-9FE7-674F20F411ED}.Release|Any CPU.ActiveCfg = Release|Any CPU
		{A7AA8852-7598-4DA0-9FE7-674F20F411ED}.Release|Any CPU.Build.0 = Release|Any CPU
		{A7AA8852-7598-4DA0-9FE7-674F20F411ED}.Release|x64.ActiveCfg = Release|Any CPU
		{A7AA8852-7598-4DA0-9FE7-674F20F411ED}.Release|x64.Build.0 = Release|Any CPU
		{A7AA8852-7598-4DA0-9FE7-674F20F411ED}.Release|x86.ActiveCfg = Release|Any CPU
		{A7AA8852-7598-4DA0-9FE7-674F20F411ED}.Release|x86.Build.0 = Release|Any CPU
		{41D00E51-6501-47DD-9BF9-BF58D473D918}.Debug|Any CPU.ActiveCfg = Debug|Any CPU
		{41D00E51-6501-47DD-9BF9-BF58D473D918}.Debug|Any CPU.Build.0 = Debug|Any CPU
		{41D00E51-6501-47DD-9BF9-BF58D473D918}.Debug|x64.ActiveCfg = Debug|Any CPU
		{41D00E51-6501-47DD-9BF9-BF58D473D918}.Debug|x64.Build.0 = Debug|Any CPU
		{41D00E51-6501-47DD-9BF9-BF58D473D918}.Debug|x86.ActiveCfg = Debug|Any CPU
		{41D00E51-6501-47DD-9BF9-BF58D473D918}.Debug|x86.Build.0 = Debug|Any CPU
		{41D00E51-6501-47DD-9BF9-BF58D473D918}.Release|Any CPU.ActiveCfg = Release|Any CPU
		{41D00E51-6501-47DD-9BF9-BF58D473D918}.Release|Any CPU.Build.0 = Release|Any CPU
		{41D00E51-6501-47DD-9BF9-BF58D473D918}.Release|x64.ActiveCfg = Release|Any CPU
		{41D00E51-6501-47DD-9BF9-BF58D473D918}.Release|x64.Build.0 = Release|Any CPU
		{41D00E51-6501-47DD-9BF9-BF58D473D918}.Release|x86.ActiveCfg = Release|Any CPU
		{41D00E51-6501-47DD-9BF9-BF58D473D918}.Release|x86.Build.0 = Release|Any CPU
		{CF8CC65B-F202-4BC8-A4BB-7910C7B6EEBE}.Debug|Any CPU.ActiveCfg = Debug|Any CPU
		{CF8CC65B-F202-4BC8-A4BB-7910C7B6EEBE}.Debug|Any CPU.Build.0 = Debug|Any CPU
		{CF8CC65B-F202-4BC8-A4BB-7910C7B6EEBE}.Debug|x64.ActiveCfg = Debug|Any CPU
		{CF8CC65B-F202-4BC8-A4BB-7910C7B6EEBE}.Debug|x64.Build.0 = Debug|Any CPU
		{CF8CC65B-F202-4BC8-A4BB-7910C7B6EEBE}.Debug|x86.ActiveCfg = Debug|Any CPU
		{CF8CC65B-F202-4BC8-A4BB-7910C7B6EEBE}.Debug|x86.Build.0 = Debug|Any CPU
		{CF8CC65B-F202-4BC8-A4BB-7910C7B6EEBE}.Release|Any CPU.ActiveCfg = Release|Any CPU
		{CF8CC65B-F202-4BC8-A4BB-7910C7B6EEBE}.Release|Any CPU.Build.0 = Release|Any CPU
		{CF8CC65B-F202-4BC8-A4BB-7910C7B6EEBE}.Release|x64.ActiveCfg = Release|Any CPU
		{CF8CC65B-F202-4BC8-A4BB-7910C7B6EEBE}.Release|x64.Build.0 = Release|Any CPU
		{CF8CC65B-F202-4BC8-A4BB-7910C7B6EEBE}.Release|x86.ActiveCfg = Release|Any CPU
		{CF8CC65B-F202-4BC8-A4BB-7910C7B6EEBE}.Release|x86.Build.0 = Release|Any CPU
		{8772329C-9083-4E6C-A160-52BAE0547FC0}.Debug|Any CPU.ActiveCfg = Debug|Any CPU
		{8772329C-9083-4E6C-A160-52BAE0547FC0}.Debug|Any CPU.Build.0 = Debug|Any CPU
		{8772329C-9083-4E6C-A160-52BAE0547FC0}.Debug|x64.ActiveCfg = Debug|Any CPU
		{8772329C-9083-4E6C-A160-52BAE0547FC0}.Debug|x64.Build.0 = Debug|Any CPU
		{8772329C-9083-4E6C-A160-52BAE0547FC0}.Debug|x86.ActiveCfg = Debug|Any CPU
		{8772329C-9083-4E6C-A160-52BAE0547FC0}.Debug|x86.Build.0 = Debug|Any CPU
		{8772329C-9083-4E6C-A160-52BAE0547FC0}.Release|Any CPU.ActiveCfg = Release|Any CPU
		{8772329C-9083-4E6C-A160-52BAE0547FC0}.Release|Any CPU.Build.0 = Release|Any CPU
		{8772329C-9083-4E6C-A160-52BAE0547FC0}.Release|x64.ActiveCfg = Release|Any CPU
		{8772329C-9083-4E6C-A160-52BAE0547FC0}.Release|x64.Build.0 = Release|Any CPU
		{8772329C-9083-4E6C-A160-52BAE0547FC0}.Release|x86.ActiveCfg = Release|Any CPU
		{8772329C-9083-4E6C-A160-52BAE0547FC0}.Release|x86.Build.0 = Release|Any CPU
		{BD019096-7426-4959-BF21-E97BB0B23C83}.Debug|Any CPU.ActiveCfg = Debug|Any CPU
		{BD019096-7426-4959-BF21-E97BB0B23C83}.Debug|Any CPU.Build.0 = Debug|Any CPU
		{BD019096-7426-4959-BF21-E97BB0B23C83}.Debug|x64.ActiveCfg = Debug|Any CPU
		{BD019096-7426-4959-BF21-E97BB0B23C83}.Debug|x64.Build.0 = Debug|Any CPU
		{BD019096-7426-4959-BF21-E97BB0B23C83}.Debug|x86.ActiveCfg = Debug|Any CPU
		{BD019096-7426-4959-BF21-E97BB0B23C83}.Debug|x86.Build.0 = Debug|Any CPU
		{BD019096-7426-4959-BF21-E97BB0B23C83}.Release|Any CPU.ActiveCfg = Release|Any CPU
		{BD019096-7426-4959-BF21-E97BB0B23C83}.Release|Any CPU.Build.0 = Release|Any CPU
		{BD019096-7426-4959-BF21-E97BB0B23C83}.Release|x64.ActiveCfg = Release|Any CPU
		{BD019096-7426-4959-BF21-E97BB0B23C83}.Release|x64.Build.0 = Release|Any CPU
		{BD019096-7426-4959-BF21-E97BB0B23C83}.Release|x86.ActiveCfg = Release|Any CPU
		{BD019096-7426-4959-BF21-E97BB0B23C83}.Release|x86.Build.0 = Release|Any CPU
		{22D6389D-E791-4859-A075-152DD8906268}.Debug|Any CPU.ActiveCfg = Debug|Any CPU
		{22D6389D-E791-4859-A075-152DD8906268}.Debug|Any CPU.Build.0 = Debug|Any CPU
		{22D6389D-E791-4859-A075-152DD8906268}.Debug|x64.ActiveCfg = Debug|Any CPU
		{22D6389D-E791-4859-A075-152DD8906268}.Debug|x64.Build.0 = Debug|Any CPU
		{22D6389D-E791-4859-A075-152DD8906268}.Debug|x86.ActiveCfg = Debug|Any CPU
		{22D6389D-E791-4859-A075-152DD8906268}.Debug|x86.Build.0 = Debug|Any CPU
		{22D6389D-E791-4859-A075-152DD8906268}.Release|Any CPU.ActiveCfg = Release|Any CPU
		{22D6389D-E791-4859-A075-152DD8906268}.Release|Any CPU.Build.0 = Release|Any CPU
		{22D6389D-E791-4859-A075-152DD8906268}.Release|x64.ActiveCfg = Release|Any CPU
		{22D6389D-E791-4859-A075-152DD8906268}.Release|x64.Build.0 = Release|Any CPU
		{22D6389D-E791-4859-A075-152DD8906268}.Release|x86.ActiveCfg = Release|Any CPU
		{22D6389D-E791-4859-A075-152DD8906268}.Release|x86.Build.0 = Release|Any CPU
	EndGlobalSection
EndGlobal
